
Microsoft Visual Studio Solution File, Format Version 12.00
# Visual Studio Version 17
VisualStudioVersion = 17.13.35806.99
MinimumVisualStudioVersion = 10.0.40219.1
Project("{2150E333-8FDC-42A3-9474-1A3956D46DE8}") = "Engine", "Engine", "{02EA681E-C7D8-13C7-8484-4AC65E1B71E8}"
EndProject
Project("{8BC9CEB8-8B4A-11D0-8D11-00A0C91BC942}") = "3DEngine", "Engine\3DEngine\3DEngine.vcxproj", "{81CE9DB3-0180-45A2-AFDB-859267529CAD}"
EndProject
Project("{2150E333-8FDC-42A3-9474-1A3956D46DE8}") = "Framework", "Framework", "{6CD879E0-67E9-4B40-B7DA-346056727AC1}"
EndProject
Project("{8BC9CEB8-8B4A-11D0-8D11-00A0C91BC942}") = "Core", "Framework\Core\Core.vcxproj", "{7F2CB4CC-00BD-4121-8F14-C4E1B398493D}"
EndProject
Project("{2150E333-8FDC-42A3-9474-1A3956D46DE8}") = "VGP242", "VGP242", "{0A018CD2-2A3C-4CAE-B017-652FB7A32785}"
EndProject
Project("{8BC9CEB8-8B4A-11D0-8D11-00A0C91BC942}") = "01_HelloWindow", "VGP242\01_HelloWindow\01_HelloWindow.vcxproj", "{C58241CD-EAC3-46A1-A61D-8D62022172B9}"
EndProject
Global
	GlobalSection(SolutionConfigurationPlatforms) = preSolution
		Debug|x64 = Debug|x64
		Debug|x86 = Debug|x86
		Release|x64 = Release|x64
		Release|x86 = Release|x86
	EndGlobalSection
	GlobalSection(ProjectConfigurationPlatforms) = postSolution
		{81CE9DB3-0180-45A2-AFDB-859267529CAD}.Debug|x64.ActiveCfg = Debug|x64
		{81CE9DB3-0180-45A2-AFDB-859267529CAD}.Debug|x64.Build.0 = Debug|x64
		{81CE9DB3-0180-45A2-AFDB-859267529CAD}.Debug|x86.ActiveCfg = Debug|Win32
		{81CE9DB3-0180-45A2-AFDB-859267529CAD}.Debug|x86.Build.0 = Debug|Win32
		{81CE9DB3-0180-45A2-AFDB-859267529CAD}.Release|x64.ActiveCfg = Release|x64
		{81CE9DB3-0180-45A2-AFDB-859267529CAD}.Release|x64.Build.0 = Release|x64
		{81CE9DB3-0180-45A2-AFDB-859267529CAD}.Release|x86.ActiveCfg = Release|Win32
		{81CE9DB3-0180-45A2-AFDB-859267529CAD}.Release|x86.Build.0 = Release|Win32
		{7F2CB4CC-00BD-4121-8F14-C4E1B398493D}.Debug|x64.ActiveCfg = Debug|x64
		{7F2CB4CC-00BD-4121-8F14-C4E1B398493D}.Debug|x64.Build.0 = Debug|x64
		{7F2CB4CC-00BD-4121-8F14-C4E1B398493D}.Debug|x86.ActiveCfg = Debug|Win32
		{7F2CB4CC-00BD-4121-8F14-C4E1B398493D}.Debug|x86.Build.0 = Debug|Win32
		{7F2CB4CC-00BD-4121-8F14-C4E1B398493D}.Release|x64.ActiveCfg = Release|x64
		{7F2CB4CC-00BD-4121-8F14-C4E1B398493D}.Release|x64.Build.0 = Release|x64
		{7F2CB4CC-00BD-4121-8F14-C4E1B398493D}.Release|x86.ActiveCfg = Release|Win32
		{7F2CB4CC-00BD-4121-8F14-C4E1B398493D}.Release|x86.Build.0 = Release|Win32
		{C58241CD-EAC3-46A1-A61D-8D62022172B9}.Debug|x64.ActiveCfg = Debug|x64
		{C58241CD-EAC3-46A1-A61D-8D62022172B9}.Debug|x64.Build.0 = Debug|x64
		{C58241CD-EAC3-46A1-A61D-8D62022172B9}.Debug|x86.ActiveCfg = Debug|Win32
		{C58241CD-EAC3-46A1-A61D-8D62022172B9}.Debug|x86.Build.0 = Debug|Win32
		{C58241CD-EAC3-46A1-A61D-8D62022172B9}.Release|x64.ActiveCfg = Release|x64
		{C58241CD-EAC3-46A1-A61D-8D62022172B9}.Release|x64.Build.0 = Release|x64
		{C58241CD-EAC3-46A1-A61D-8D62022172B9}.Release|x86.ActiveCfg = Release|Win32
		{C58241CD-EAC3-46A1-A61D-8D62022172B9}.Release|x86.Build.0 = Release|Win32
	EndGlobalSection
	GlobalSection(SolutionProperties) = preSolution
		HideSolutionNode = FALSE
	EndGlobalSection
	GlobalSection(NestedProjects) = preSolution
		{81CE9DB3-0180-45A2-AFDB-859267529CAD} = {02EA681E-C7D8-13C7-8484-4AC65E1B71E8}
		{7F2CB4CC-00BD-4121-8F14-C4E1B398493D} = {6CD879E0-67E9-4B40-B7DA-346056727AC1}
		{C58241CD-EAC3-46A1-A61D-8D62022172B9} = {0A018CD2-2A3C-4CAE-B017-652FB7A32785}
	EndGlobalSection
	GlobalSection(ExtensibilityGlobals) = postSolution
		SolutionGuid = {3FD362C1-9DCF-4C30-BA1C-7C60EAFBEABC}
	EndGlobalSection
EndGlobal
